<?xml version="1.0" encoding="utf-8"?>
<Project ToolsVersion="17.0" xmlns="http://schemas.microsoft.com/developer/msbuild/2003">
  <ItemGroup>
    <ClCompile Include="..\..\c\common\constants.c">
      <Filter>Source Files</Filter>
    </ClCompile>
    <ClCompile Include="..\..\c\common\context.c">
      <Filter>Source Files</Filter>
    </ClCompile>
    <ClCompile Include="..\..\c\common\dictionary.c">
      <Filter>Source Files</Filter>
    </ClCompile>
    <ClCompile Include="..\..\c\common\platform.c">
      <Filter>Source Files</Filter>
    </ClCompile>
    <ClCompile Include="..\..\c\common\shared_dictionary.c">
      <Filter>Source Files</Filter>
    </ClCompile>
    <ClCompile Include="..\..\c\common\transform.c">
      <Filter>Source Files</Filter>
    </ClCompile>
  </ItemGroup>
  <ItemGroup>
    <Filter Include="Source Files">
      <UniqueIdentifier>{A9B64C5B-1FF4-37CA-9D4A-DCA132DD427B}</UniqueIdentifier>
    </Filter>
  </ItemGroup>
</Project>
